
Microsoft Visual Studio Solution File, Format Version 12.00
# Visual Studio Version 17
VisualStudioVersion = 17.2.32519.379
MinimumVisualStudioVersion = 10.0.40219.1
Project("{FAE04EC0-301F-11D3-BF4B-00C04F79EFBC}") = "WindowsFormApp", "WindowsFormApp\WindowsFormApp.csproj", "{AD31287C-7712-43D6-86DA-5E0A9499F4DD}"
EndProject
Project("{FAE04EC0-301F-11D3-BF4B-00C04F79EFBC}") = "Utility", "Utility\Utility.csproj", "{9F15F5FC-942F-44E1-85C3-6536BDDC6941}"
EndProject
Project("{FAE04EC0-301F-11D3-BF4B-00C04F79EFBC}") = "WPFApp", "WPFApp\WPFApp.csproj", "{1A1D4A7F-A56A-4414-A5E7-4E6D615ADBB0}"
EndProject
Global
	GlobalSection(SolutionConfigurationPlatforms) = preSolution
		Debug|Any CPU = Debug|Any CPU
		Release|Any CPU = Release|Any CPU
	EndGlobalSection
	GlobalSection(ProjectConfigurationPlatforms) = postSolution
		{AD31287C-7712-43D6-86DA-5E0A9499F4DD}.Debug|Any CPU.ActiveCfg = Debug|Any CPU
		{AD31287C-7712-43D6-86DA-5E0A9499F4DD}.Debug|Any CPU.Build.0 = Debug|Any CPU
		{AD31287C-7712-43D6-86DA-5E0A9499F4DD}.Release|Any CPU.ActiveCfg = Release|Any CPU
		{AD31287C-7712-43D6-86DA-5E0A9499F4DD}.Release|Any CPU.Build.0 = Release|Any CPU
		{9F15F5FC-942F-44E1-85C3-6536BDDC6941}.Debug|Any CPU.ActiveCfg = Debug|Any CPU
		{9F15F5FC-942F-44E1-85C3-6536BDDC6941}.Debug|Any CPU.Build.0 = Debug|Any CPU
		{9F15F5FC-942F-44E1-85C3-6536BDDC6941}.Release|Any CPU.ActiveCfg = Release|Any CPU
		{9F15F5FC-942F-44E1-85C3-6536BDDC6941}.Release|Any CPU.Build.0 = Release|Any CPU
		{1A1D4A7F-A56A-4414-A5E7-4E6D615ADBB0}.Debug|Any CPU.ActiveCfg = Debug|Any CPU
		{1A1D4A7F-A56A-4414-A5E7-4E6D615ADBB0}.Debug|Any CPU.Build.0 = Debug|Any CPU
		{1A1D4A7F-A56A-4414-A5E7-4E6D615ADBB0}.Release|Any CPU.ActiveCfg = Release|Any CPU
		{1A1D4A7F-A56A-4414-A5E7-4E6D615ADBB0}.Release|Any CPU.Build.0 = Release|Any CPU
	EndGlobalSection
	GlobalSection(SolutionProperties) = preSolution
		HideSolutionNode = FALSE
	EndGlobalSection
	GlobalSection(ExtensibilityGlobals) = postSolution
		SolutionGuid = {1B957C7D-4DCF-49C7-92D4-9C488FE65FB9}
	EndGlobalSection
EndGlobal
